
Microsoft Visual Studio Solution File, Format Version 12.00
# Visual Studio Version 16
VisualStudioVersion = 16.0.29709.97
MinimumVisualStudioVersion = 10.0.40219.1
Project("{FAE04EC0-301F-11D3-BF4B-00C04F79EFBC}") = "ConditionalStatementBriannaPereira", "ConditionalStatementBriannaPereira.csproj", "{04791E17-52B9-4EA2-A0B7-377378DBC3F3}"
EndProject
Global
	GlobalSection(SolutionConfigurationPlatforms) = preSolution
		Debug|Any CPU = Debug|Any CPU
		Release|Any CPU = Release|Any CPU
	EndGlobalSection
	GlobalSection(ProjectConfigurationPlatforms) = postSolution
		{04791E17-52B9-4EA2-A0B7-377378DBC3F3}.Debug|Any CPU.ActiveCfg = Debug|Any CPU
		{04791E17-52B9-4EA2-A0B7-377378DBC3F3}.Debug|Any CPU.Build.0 = Debug|Any CPU
		{04791E17-52B9-4EA2-A0B7-377378DBC3F3}.Release|Any CPU.ActiveCfg = Release|Any CPU
		{04791E17-52B9-4EA2-A0B7-377378DBC3F3}.Release|Any CPU.Build.0 = Release|Any CPU
	EndGlobalSection
	GlobalSection(SolutionProperties) = preSolution
		HideSolutionNode = FALSE
	EndGlobalSection
	GlobalSection(ExtensibilityGlobals) = postSolution
		SolutionGuid = {E3E5123C-CA52-4EC3-A144-5BD31D4702BC}
	EndGlobalSection
EndGlobal
